
Microsoft Visual Studio Solution File, Format Version 12.00
# Visual Studio Version 17
VisualStudioVersion = 17.10.35122.118
MinimumVisualStudioVersion = 10.0.40219.1
Project("{FAE04EC0-301F-11D3-BF4B-00C04F79EFBC}") = "Code", "Code.csproj", "{07E5B433-4F85-4D41-A4F1-7E1E4D5C05EC}"
EndProject
Global
	GlobalSection(SolutionConfigurationPlatforms) = preSolution
		Debug|Any CPU = Debug|Any CPU
		Release|Any CPU = Release|Any CPU
	EndGlobalSection
	GlobalSection(ProjectConfigurationPlatforms) = postSolution
		{07E5B433-4F85-4D41-A4F1-7E1E4D5C05EC}.Debug|Any CPU.ActiveCfg = Debug|Any CPU
		{07E5B433-4F85-4D41-A4F1-7E1E4D5C05EC}.Debug|Any CPU.Build.0 = Debug|Any CPU
		{07E5B433-4F85-4D41-A4F1-7E1E4D5C05EC}.Release|Any CPU.ActiveCfg = Release|Any CPU
		{07E5B433-4F85-4D41-A4F1-7E1E4D5C05EC}.Release|Any CPU.Build.0 = Release|Any CPU
	EndGlobalSection
	GlobalSection(SolutionProperties) = preSolution
		HideSolutionNode = FALSE
	EndGlobalSection
	GlobalSection(ExtensibilityGlobals) = postSolution
		SolutionGuid = {E939D083-5DD0-4038-B9C1-B03BD990AEA2}
	EndGlobalSection
EndGlobal
